
Microsoft Visual Studio Solution File, Format Version 12.00
# Visual Studio Version 16
VisualStudioVersion = 16.0.30225.117
MinimumVisualStudioVersion = 10.0.40219.1
Project("{FAE04EC0-301F-11D3-BF4B-00C04F79EFBC}") = "pubg_total", "pubg_total\pubg_total.csproj", "{1AEFFB0E-F4ED-40EF-927B-BBB671637FD2}"
EndProject
Global
	GlobalSection(SolutionConfigurationPlatforms) = preSolution
		Debug|Any CPU = Debug|Any CPU
		Debug|x64 = Debug|x64
		Release|Any CPU = Release|Any CPU
		Release|x64 = Release|x64
	EndGlobalSection
	GlobalSection(ProjectConfigurationPlatforms) = postSolution
		{1AEFFB0E-F4ED-40EF-927B-BBB671637FD2}.Debug|Any CPU.ActiveCfg = Debug|Any CPU
		{1AEFFB0E-F4ED-40EF-927B-BBB671637FD2}.Debug|Any CPU.Build.0 = Debug|Any CPU
		{1AEFFB0E-F4ED-40EF-927B-BBB671637FD2}.Debug|x64.ActiveCfg = Debug|x64
		{1AEFFB0E-F4ED-40EF-927B-BBB671637FD2}.Debug|x64.Build.0 = Debug|x64
		{1AEFFB0E-F4ED-40EF-927B-BBB671637FD2}.Release|Any CPU.ActiveCfg = Release|Any CPU
		{1AEFFB0E-F4ED-40EF-927B-BBB671637FD2}.Release|Any CPU.Build.0 = Release|Any CPU
		{1AEFFB0E-F4ED-40EF-927B-BBB671637FD2}.Release|x64.ActiveCfg = Release|x64
		{1AEFFB0E-F4ED-40EF-927B-BBB671637FD2}.Release|x64.Build.0 = Release|x64
	EndGlobalSection
	GlobalSection(SolutionProperties) = preSolution
		HideSolutionNode = FALSE
	EndGlobalSection
	GlobalSection(ExtensibilityGlobals) = postSolution
		SolutionGuid = {4F0A3571-D34B-4D6F-8C34-2688ECE88C17}
	EndGlobalSection
EndGlobal
